<?xml version="1.0" encoding="utf-8"?>
<Project ToolsVersion="4.0" xmlns="http://schemas.microsoft.com/developer/msbuild/2003">
  <ItemGroup>
    <Filter Include="Source Files">
      <UniqueIdentifier>{072104a0-907f-49f9-9aa2-b0c70c14dfa4}</UniqueIdentifier>
      <Extensions>cpp;c;cxx;rc;def;r;odl;idl;hpj;bat</Extensions>
    </Filter>
    <Filter Include="Header Files">
      <UniqueIdentifier>{4775d56e-9dc2-4ffc-8368-1545275c86fb}</UniqueIdentifier>
      <Extensions>h;hpp;hxx;hm;inl</Extensions>
    </Filter>
    <Filter Include="Resource Files">
      <UniqueIdentifier>{d4ded260-2eb4-4cf0-bae1-21e7a82e3f38}</UniqueIdentifier>
      <Extensions>ico;cur;bmp;dlg;rc2;rct;bin;rgs;gif;jpg;jpeg;jpe</Extensions>
    </Filter>
  </ItemGroup>
  <ItemGroup>
    <ClCompile Include="..\src\test\cpp\util\absolutedateandtimefilter.cpp">
      <Filter>Source Files</Filter>
    </ClCompile>
    <ClCompile Include="..\src\test\cpp\helpers\absolutetimedateformattestcase.cpp">
      <Filter>Source Files</Filter>
    </ClCompile>
    <ClCompile Include="..\src\test\cpp\util\absolutetimefilter.cpp">
      <Filter>Source Files</Filter>
    </ClCompile>
    <ClCompile Include="..\src\test\cpp\abts.cpp">
      <Filter>Source Files</Filter>
    </ClCompile>
    <ClCompile Include="..\src\test\cpp\appenderskeletontestcase.cpp">
      <Filter>Source Files</Filter>
    </ClCompile>
    <ClCompile Include="..\src\test\cpp\asyncappendertestcase.cpp">
      <Filter>Source Files</Filter>
    </ClCompile>
    <ClCompile Include="..\src\test\cpp\util\binarycompare.cpp">
      <Filter>Source Files</Filter>
    </ClCompile>
    <ClCompile Include="..\src\test\cpp\helpers\cacheddateformattestcase.cpp">
      <Filter>Source Files</Filter>
    </ClCompile>
    <ClCompile Include="..\src\test\cpp\helpers\charsetdecodertestcase.cpp">
      <Filter>Source Files</Filter>
    </ClCompile>
    <ClCompile Include="..\src\test\cpp\helpers\charsetencodertestcase.cpp">
      <Filter>Source Files</Filter>
    </ClCompile>
    <ClCompile Include="..\src\test\cpp\util\compare.cpp">
      <Filter>Source Files</Filter>
    </ClCompile>
    <ClCompile Include="..\src\test\cpp\consoleappendertestcase.cpp">
      <Filter>Source Files</Filter>
    </ClCompile>
    <ClCompile Include="..\src\test\cpp\util\controlfilter.cpp">
      <Filter>Source Files</Filter>
    </ClCompile>
    <ClCompile Include="..\src\test\cpp\xml\customleveltestcase.cpp">
      <Filter>Source Files</Filter>
    </ClCompile>
    <ClCompile Include="..\src\test\cpp\helpers\cyclicbuffertestcase.cpp">
      <Filter>Source Files</Filter>
    </ClCompile>
    <ClCompile Include="..\src\test\cpp\helpers\datetimedateformattestcase.cpp">
      <Filter>Source Files</Filter>
    </ClCompile>
    <ClCompile Include="..\src\test\cpp\xml\domtestcase.cpp">
      <Filter>Source Files</Filter>
    </ClCompile>
    <ClCompile Include="..\src\test\cpp\encodingtest.cpp">
      <Filter>Source Files</Filter>
    </ClCompile>
    <ClCompile Include="..\src\test\cpp\varia\errorhandlertestcase.cpp">
      <Filter>Source Files</Filter>
    </ClCompile>
    <ClCompile Include="..\src\test\cpp\fileappendertest.cpp">
      <Filter>Source Files</Filter>
    </ClCompile>
    <ClCompile Include="..\src\test\cpp\fileappendertestcase.cpp">
      <Filter>Source Files</Filter>
    </ClCompile>
    <ClCompile Include="..\src\test\cpp\util\filenamefilter.cpp">
      <Filter>Source Files</Filter>
    </ClCompile>
    <ClCompile Include="..\src\test\cpp\rolling\filenamepatterntestcase.cpp">
      <Filter>Source Files</Filter>
    </ClCompile>
    <ClCompile Include="..\src\test\cpp\filetestcase.cpp">
      <Filter>Source Files</Filter>
    </ClCompile>
    <ClCompile Include="..\src\test\cpp\rolling\filterbasedrollingtest.cpp">
      <Filter>Source Files</Filter>
    </ClCompile>
    <ClCompile Include="..\src\test\cpp\hierarchytest.cpp">
      <Filter>Source Files</Filter>
    </ClCompile>
    <ClCompile Include="..\src\test\cpp\hierarchythresholdtestcase.cpp">
      <Filter>Source Files</Filter>
    </ClCompile>
    <ClCompile Include="..\src\test\cpp\helpers\inetaddresstestcase.cpp">
      <Filter>Source Files</Filter>
    </ClCompile>
    <ClCompile Include="..\src\test\cpp\helpers\iso8601dateformattestcase.cpp">
      <Filter>Source Files</Filter>
    </ClCompile>
    <ClCompile Include="..\src\test\cpp\util\iso8601filter.cpp">
      <Filter>Source Files</Filter>
    </ClCompile>
    <ClCompile Include="..\src\test\cpp\l7dtestcase.cpp">
      <Filter>Source Files</Filter>
    </ClCompile>
    <ClCompile Include="..\src\test\cpp\varia\levelmatchfiltertestcase.cpp">
      <Filter>Source Files</Filter>
    </ClCompile>
    <ClCompile Include="..\src\test\cpp\varia\levelrangefiltertestcase.cpp">
      <Filter>Source Files</Filter>
    </ClCompile>
    <ClCompile Include="..\src\test\cpp\leveltestcase.cpp">
      <Filter>Source Files</Filter>
    </ClCompile>
    <ClCompile Include="..\src\test\cpp\util\linenumberfilter.cpp">
      <Filter>Source Files</Filter>
    </ClCompile>
    <ClCompile Include="..\src\test\cpp\helpers\localechanger.cpp">
      <Filter>Source Files</Filter>
    </ClCompile>
    <ClCompile Include="..\src\test\cpp\loggertestcase.cpp">
      <Filter>Source Files</Filter>
    </ClCompile>
    <ClCompile Include="..\src\test\cpp\spi\loggingeventtest.cpp">
      <Filter>Source Files</Filter>
    </ClCompile>
    <ClCompile Include="..\src\test\cpp\logunit.cpp">
      <Filter>Source Files</Filter>
    </ClCompile>
    <ClCompile Include="..\src\test\cpp\rolling\manualrollingtest.cpp">
      <Filter>Source Files</Filter>
    </ClCompile>
    <ClCompile Include="..\src\test\cpp\helpers\messagebuffertest.cpp">
      <Filter>Source Files</Filter>
    </ClCompile>
    <ClCompile Include="..\src\test\cpp\minimumtestcase.cpp">
      <Filter>Source Files</Filter>
    </ClCompile>
    <ClCompile Include="..\src\test\cpp\ndctestcase.cpp">
      <Filter>Source Files</Filter>
    </ClCompile>
    <ClCompile Include="..\src\test\cpp\nt\nteventlogappendertestcase.cpp">
      <Filter>Source Files</Filter>
    </ClCompile>
    <ClCompile Include="..\src\test\cpp\pattern\num343patternconverter.cpp">
      <Filter>Source Files</Filter>
    </ClCompile>
    <ClCompile Include="..\src\test\cpp\rolling\obsoletedailyrollingfileappendertest.cpp">
      <Filter>Source Files</Filter>
    </ClCompile>
    <ClCompile Include="..\src\test\cpp\rolling\obsoleterollingfileappendertest.cpp">
      <Filter>Source Files</Filter>
    </ClCompile>
    <ClCompile Include="..\src\test\cpp\db\odbcappendertestcase.cpp">
      <Filter>Source Files</Filter>
    </ClCompile>
    <ClCompile Include="..\src\test\cpp\helpers\optionconvertertestcase.cpp">
      <Filter>Source Files</Filter>
    </ClCompile>
    <ClCompile Include="..\src\test\cpp\patternlayouttest.cpp">
      <Filter>Source Files</Filter>
    </ClCompile>
    <ClCompile Include="..\src\test\cpp\pattern\patternparsertestcase.cpp">
      <Filter>Source Files</Filter>
    </ClCompile>
    <ClCompile Include="..\src\test\cpp\helpers\propertiestestcase.cpp">
      <Filter>Source Files</Filter>
    </ClCompile>
    <ClCompile Include="..\src\test\cpp\propertyconfiguratortest.cpp">
      <Filter>Source Files</Filter>
    </ClCompile>
    <ClCompile Include="..\src\test\cpp\helpers\relativetimedateformattestcase.cpp">
      <Filter>Source Files</Filter>
    </ClCompile>
    <ClCompile Include="..\src\test\cpp\util\relativetimefilter.cpp">
      <Filter>Source Files</Filter>
    </ClCompile>
    <ClCompile Include="..\src\test\cpp\rollingfileappendertestcase.cpp">
      <Filter>Source Files</Filter>
    </ClCompile>
    <ClCompile Include="..\src\test\cpp\util\serializationtesthelper.cpp">
      <Filter>Source Files</Filter>
    </ClCompile>
    <ClCompile Include="..\src\test\cpp\rolling\sizebasedrollingtest.cpp">
      <Filter>Source Files</Filter>
    </ClCompile>
    <ClCompile Include="..\src\test\cpp\net\smtpappendertestcase.cpp">
      <Filter>Source Files</Filter>
    </ClCompile>
    <ClCompile Include="..\src\test\cpp\net\socketappendertestcase.cpp">
      <Filter>Source Files</Filter>
    </ClCompile>
    <ClCompile Include="..\src\test\cpp\net\sockethubappendertestcase.cpp">
      <Filter>Source Files</Filter>
    </ClCompile>
    <ClCompile Include="..\src\test\cpp\net\socketservertestcase.cpp">
      <Filter>Source Files</Filter>
    </ClCompile>
    <ClCompile Include="..\src\test\cpp\streamtestcase.cpp">
      <Filter>Source Files</Filter>
    </ClCompile>
    <ClCompile Include="..\src\test\cpp\helpers\stringhelpertestcase.cpp">
      <Filter>Source Files</Filter>
    </ClCompile>
    <ClCompile Include="..\src\test\cpp\helpers\stringtokenizertestcase.cpp">
      <Filter>Source Files</Filter>
    </ClCompile>
    <ClCompile Include="..\src\test\cpp\net\syslogappendertestcase.cpp">
      <Filter>Source Files</Filter>
    </ClCompile>
    <ClCompile Include="..\src\test\cpp\helpers\syslogwritertest.cpp">
      <Filter>Source Files</Filter>
    </ClCompile>
    <ClCompile Include="..\src\test\cpp\net\telnetappendertestcase.cpp">
      <Filter>Source Files</Filter>
    </ClCompile>
    <ClCompile Include="..\src\test\cpp\defaultinit\testcase1.cpp">
      <Filter>Source Files</Filter>
    </ClCompile>
    <ClCompile Include="..\src\test\cpp\defaultinit\testcase2.cpp">
      <Filter>Source Files</Filter>
    </ClCompile>
    <ClCompile Include="..\src\test\cpp\defaultinit\testcase3.cpp">
      <Filter>Source Files</Filter>
    </ClCompile>
    <ClCompile Include="..\src\test\cpp\defaultinit\testcase4.cpp">
      <Filter>Source Files</Filter>
    </ClCompile>
    <ClCompile Include="..\src\test\cpp\util\threadfilter.cpp">
      <Filter>Source Files</Filter>
    </ClCompile>
    <ClCompile Include="..\src\test\cpp\rolling\timebasedrollingtest.cpp">
      <Filter>Source Files</Filter>
    </ClCompile>
    <ClCompile Include="..\src\test\cpp\helpers\timezonetestcase.cpp">
      <Filter>Source Files</Filter>
    </ClCompile>
    <ClCompile Include="..\src\test\cpp\helpers\transcodertestcase.cpp">
      <Filter>Source Files</Filter>
    </ClCompile>
    <ClCompile Include="..\src\test\cpp\util\transformer.cpp">
      <Filter>Source Files</Filter>
    </ClCompile>
    <ClCompile Include="..\src\test\cpp\util\utilfilter.cpp">
      <Filter>Source Files</Filter>
    </ClCompile>
    <ClCompile Include="..\src\test\cpp\vectorappender.cpp">
      <Filter>Source Files</Filter>
    </ClCompile>
    <ClCompile Include="..\src\test\cpp\writerappendertestcase.cpp">
      <Filter>Source Files</Filter>
    </ClCompile>
    <ClCompile Include="..\src\test\cpp\xml\xlevel.cpp">
      <Filter>Source Files</Filter>
    </ClCompile>
    <ClCompile Include="..\src\test\cpp\customlogger\xlogger.cpp">
      <Filter>Source Files</Filter>
    </ClCompile>
    <ClCompile Include="..\src\test\cpp\customlogger\xloggertestcase.cpp">
      <Filter>Source Files</Filter>
    </ClCompile>
    <ClCompile Include="..\src\test\cpp\util\xmlfilenamefilter.cpp">
      <Filter>Source Files</Filter>
    </ClCompile>
    <ClCompile Include="..\src\test\cpp\xml\xmllayouttest.cpp">
      <Filter>Source Files</Filter>
    </ClCompile>
    <ClCompile Include="..\src\test\cpp\xml\xmllayouttestcase.cpp">
      <Filter>Source Files</Filter>
    </ClCompile>
    <ClCompile Include="..\src\test\cpp\util\xmllineattributefilter.cpp">
      <Filter>Source Files</Filter>
    </ClCompile>
    <ClCompile Include="..\src\test\cpp\net\xmlsocketappendertestcase.cpp">
      <Filter>Source Files</Filter>
    </ClCompile>
    <ClCompile Include="..\src\test\cpp\util\xmlthreadfilter.cpp">
      <Filter>Source Files</Filter>
    </ClCompile>
    <ClCompile Include="..\src\test\cpp\util\xmltimestampfilter.cpp">
      <Filter>Source Files</Filter>
    </ClCompile>
  </ItemGroup>
  <ItemGroup>
    <ClInclude Include="..\src\test\cpp\util\absolutedateandtimefilter.h">
      <Filter>Header Files</Filter>
    </ClInclude>
    <ClInclude Include="..\src\test\cpp\util\absolutetimefilter.h">
      <Filter>Header Files</Filter>
    </ClInclude>
    <ClInclude Include="..\src\test\cpp\abts.h">
      <Filter>Header Files</Filter>
    </ClInclude>
    <ClInclude Include="..\src\test\cpp\abts_tests.h">
      <Filter>Header Files</Filter>
    </ClInclude>
    <ClInclude Include="..\src\test\cpp\appenderskeletontestcase.h">
      <Filter>Header Files</Filter>
    </ClInclude>
    <ClInclude Include="..\src\test\cpp\util\binarycompare.h">
      <Filter>Header Files</Filter>
    </ClInclude>
    <ClInclude Include="..\src\test\cpp\util\compare.h">
      <Filter>Header Files</Filter>
    </ClInclude>
    <ClInclude Include="..\src\test\cpp\util\controlfilter.h">
      <Filter>Header Files</Filter>
    </ClInclude>
    <ClInclude Include="..\src\test\cpp\fileappendertestcase.h">
      <Filter>Header Files</Filter>
    </ClInclude>
    <ClInclude Include="..\src\test\cpp\util\filenamefilter.h">
      <Filter>Header Files</Filter>
    </ClInclude>
    <ClInclude Include="..\src\test\cpp\util\filter.h">
      <Filter>Header Files</Filter>
    </ClInclude>
    <ClInclude Include="..\src\test\cpp\insertwide.h">
      <Filter>Header Files</Filter>
    </ClInclude>
    <ClInclude Include="..\src\test\cpp\util\iso8601filter.h">
      <Filter>Header Files</Filter>
    </ClInclude>
    <ClInclude Include="..\src\test\cpp\util\linenumberfilter.h">
      <Filter>Header Files</Filter>
    </ClInclude>
    <ClInclude Include="..\src\test\cpp\helpers\localechanger.h">
      <Filter>Header Files</Filter>
    </ClInclude>
    <ClInclude Include="..\src\test\cpp\logunit.h">
      <Filter>Header Files</Filter>
    </ClInclude>
    <ClInclude Include="..\src\test\cpp\pattern\num343patternconverter.h">
      <Filter>Header Files</Filter>
    </ClInclude>
    <ClInclude Include="..\src\test\cpp\util\relativetimefilter.h">
      <Filter>Header Files</Filter>
    </ClInclude>
    <ClInclude Include="..\src\test\cpp\util\serializationtesthelper.h">
      <Filter>Header Files</Filter>
    </ClInclude>
    <ClInclude Include="..\src\test\cpp\net\socketservertestcase.h">
      <Filter>Header Files</Filter>
    </ClInclude>
    <ClInclude Include="..\src\test\cpp\testchar.h">
      <Filter>Header Files</Filter>
    </ClInclude>
    <ClInclude Include="..\src\test\cpp\testutil.h">
      <Filter>Header Files</Filter>
    </ClInclude>
    <ClInclude Include="..\src\test\cpp\util\threadfilter.h">
      <Filter>Header Files</Filter>
    </ClInclude>
    <ClInclude Include="..\src\test\cpp\util\transformer.h">
      <Filter>Header Files</Filter>
    </ClInclude>
    <ClInclude Include="..\src\test\cpp\vectorappender.h">
      <Filter>Header Files</Filter>
    </ClInclude>
    <ClInclude Include="..\src\test\cpp\writerappendertestcase.h">
      <Filter>Header Files</Filter>
    </ClInclude>
    <ClInclude Include="..\src\test\cpp\xml\xlevel.h">
      <Filter>Header Files</Filter>
    </ClInclude>
    <ClInclude Include="..\src\test\cpp\customlogger\xlogger.h">
      <Filter>Header Files</Filter>
    </ClInclude>
    <ClInclude Include="..\src\test\cpp\util\xmlfilenamefilter.h">
      <Filter>Header Files</Filter>
    </ClInclude>
    <ClInclude Include="..\src\test\cpp\util\xmllineattributefilter.h">
      <Filter>Header Files</Filter>
    </ClInclude>
    <ClInclude Include="..\src\test\cpp\util\xmlthreadfilter.h">
      <Filter>Header Files</Filter>
    </ClInclude>
    <ClInclude Include="..\src\test\cpp\util\xmltimestampfilter.h">
      <Filter>Header Files</Filter>
    </ClInclude>
  </ItemGroup>
</Project>